
Microsoft Visual Studio Solution File, Format Version 12.00
# Visual Studio Version 17
VisualStudioVersion = 17.4.33205.214
MinimumVisualStudioVersion = 10.0.40219.1
Project("{FAE04EC0-301F-11D3-BF4B-00C04F79EFBC}") = "HostedServiceSamples.PostsSample", "HostedServiceSamples.PostsSample\HostedServiceSamples.PostsSample.csproj", "{88EB229D-BB17-4AA0-AF9C-C5CFAA44590F}"
EndProject
Project("{FAE04EC0-301F-11D3-BF4B-00C04F79EFBC}") = "HostedServiceSamples.PostsToFile", "HostedServiceSamples.PostsToFile\HostedServiceSamples.PostsToFile.csproj", "{3C2A547B-41EB-4B83-B6AD-7C9C0285DD48}"
EndProject
Project("{FAE04EC0-301F-11D3-BF4B-00C04F79EFBC}") = "HostedServiceSamples.QuartzSamples", "HostedServiceSamples.QuartzSamples\HostedServiceSamples.QuartzSamples.csproj", "{90A1F574-04B4-457C-B9CB-284D584E0F20}"
EndProject
Global
	GlobalSection(SolutionConfigurationPlatforms) = preSolution
		Debug|Any CPU = Debug|Any CPU
		Release|Any CPU = Release|Any CPU
	EndGlobalSection
	GlobalSection(ProjectConfigurationPlatforms) = postSolution
		{88EB229D-BB17-4AA0-AF9C-C5CFAA44590F}.Debug|Any CPU.ActiveCfg = Debug|Any CPU
		{88EB229D-BB17-4AA0-AF9C-C5CFAA44590F}.Debug|Any CPU.Build.0 = Debug|Any CPU
		{88EB229D-BB17-4AA0-AF9C-C5CFAA44590F}.Release|Any CPU.ActiveCfg = Release|Any CPU
		{88EB229D-BB17-4AA0-AF9C-C5CFAA44590F}.Release|Any CPU.Build.0 = Release|Any CPU
		{3C2A547B-41EB-4B83-B6AD-7C9C0285DD48}.Debug|Any CPU.ActiveCfg = Debug|Any CPU
		{3C2A547B-41EB-4B83-B6AD-7C9C0285DD48}.Debug|Any CPU.Build.0 = Debug|Any CPU
		{3C2A547B-41EB-4B83-B6AD-7C9C0285DD48}.Release|Any CPU.ActiveCfg = Release|Any CPU
		{3C2A547B-41EB-4B83-B6AD-7C9C0285DD48}.Release|Any CPU.Build.0 = Release|Any CPU
		{90A1F574-04B4-457C-B9CB-284D584E0F20}.Debug|Any CPU.ActiveCfg = Debug|Any CPU
		{90A1F574-04B4-457C-B9CB-284D584E0F20}.Debug|Any CPU.Build.0 = Debug|Any CPU
		{90A1F574-04B4-457C-B9CB-284D584E0F20}.Release|Any CPU.ActiveCfg = Release|Any CPU
		{90A1F574-04B4-457C-B9CB-284D584E0F20}.Release|Any CPU.Build.0 = Release|Any CPU
	EndGlobalSection
	GlobalSection(SolutionProperties) = preSolution
		HideSolutionNode = FALSE
	EndGlobalSection
	GlobalSection(ExtensibilityGlobals) = postSolution
		SolutionGuid = {EAC1480F-7A65-4E02-8B3E-C13EC04863B5}
	EndGlobalSection
EndGlobal
