
Microsoft Visual Studio Solution File, Format Version 12.00
# Visual Studio Version 17
VisualStudioVersion = 17.0.31717.71
MinimumVisualStudioVersion = 10.0.40219.1
Project("{9A19103F-16F7-4668-BE54-9A1E7A4F7556}") = "Asp06Store.ShopUI", "Asp06Store.ShopUI\Asp06Store.ShopUI.csproj", "{76F9F823-EA81-4DA5-8B55-036A6E4FF3B8}"
EndProject
Project("{2150E333-8FDC-42A3-9474-1A3956D46DE8}") = "01. Core", "01. Core", "{BB13B11E-EC3B-455C-ADF8-E907904DF400}"
EndProject
Project("{FAE04EC0-301F-11D3-BF4B-00C04F79EFBC}") = "Asp06Store.Core.Domain", "Asp06Store.Core.Domain\Asp06Store.Core.Domain.csproj", "{7D5BDF87-1CFE-485B-868C-7143C3BCCCA8}"
EndProject
Project("{2150E333-8FDC-42A3-9474-1A3956D46DE8}") = "00. Framework", "00. Framework", "{C38A3339-0BCE-45C1-AD29-D3E5A97A9CB3}"
EndProject
Project("{FAE04EC0-301F-11D3-BF4B-00C04F79EFBC}") = "Asp06Store.Framework", "Asp06Store.Framework\Asp06Store.Framework.csproj", "{05DDEABF-E164-4107-819A-3B81676F2DCF}"
EndProject
Project("{2150E333-8FDC-42A3-9474-1A3956D46DE8}") = "02. Infra", "02. Infra", "{5048CB67-E6CE-4C11-B815-67C638B6F49B}"
EndProject
Project("{2150E333-8FDC-42A3-9474-1A3956D46DE8}") = "03. Endpoints", "03. Endpoints", "{76343A98-3A04-408D-A396-7F6D95F6D57E}"
EndProject
Project("{FAE04EC0-301F-11D3-BF4B-00C04F79EFBC}") = "Asp06Store.Infra.Data.Sql", "Asp06Store.Infra.Data.Sql\Asp06Store.Infra.Data.Sql.csproj", "{7EB74505-68E7-473B-9760-13DE14F18603}"
EndProject
Global
	GlobalSection(SolutionConfigurationPlatforms) = preSolution
		Debug|Any CPU = Debug|Any CPU
		Release|Any CPU = Release|Any CPU
	EndGlobalSection
	GlobalSection(ProjectConfigurationPlatforms) = postSolution
		{76F9F823-EA81-4DA5-8B55-036A6E4FF3B8}.Debug|Any CPU.ActiveCfg = Debug|Any CPU
		{76F9F823-EA81-4DA5-8B55-036A6E4FF3B8}.Debug|Any CPU.Build.0 = Debug|Any CPU
		{76F9F823-EA81-4DA5-8B55-036A6E4FF3B8}.Release|Any CPU.ActiveCfg = Release|Any CPU
		{76F9F823-EA81-4DA5-8B55-036A6E4FF3B8}.Release|Any CPU.Build.0 = Release|Any CPU
		{7D5BDF87-1CFE-485B-868C-7143C3BCCCA8}.Debug|Any CPU.ActiveCfg = Debug|Any CPU
		{7D5BDF87-1CFE-485B-868C-7143C3BCCCA8}.Debug|Any CPU.Build.0 = Debug|Any CPU
		{7D5BDF87-1CFE-485B-868C-7143C3BCCCA8}.Release|Any CPU.ActiveCfg = Release|Any CPU
		{7D5BDF87-1CFE-485B-868C-7143C3BCCCA8}.Release|Any CPU.Build.0 = Release|Any CPU
		{05DDEABF-E164-4107-819A-3B81676F2DCF}.Debug|Any CPU.ActiveCfg = Debug|Any CPU
		{05DDEABF-E164-4107-819A-3B81676F2DCF}.Debug|Any CPU.Build.0 = Debug|Any CPU
		{05DDEABF-E164-4107-819A-3B81676F2DCF}.Release|Any CPU.ActiveCfg = Release|Any CPU
		{05DDEABF-E164-4107-819A-3B81676F2DCF}.Release|Any CPU.Build.0 = Release|Any CPU
		{7EB74505-68E7-473B-9760-13DE14F18603}.Debug|Any CPU.ActiveCfg = Debug|Any CPU
		{7EB74505-68E7-473B-9760-13DE14F18603}.Debug|Any CPU.Build.0 = Debug|Any CPU
		{7EB74505-68E7-473B-9760-13DE14F18603}.Release|Any CPU.ActiveCfg = Release|Any CPU
		{7EB74505-68E7-473B-9760-13DE14F18603}.Release|Any CPU.Build.0 = Release|Any CPU
	EndGlobalSection
	GlobalSection(SolutionProperties) = preSolution
		HideSolutionNode = FALSE
	EndGlobalSection
	GlobalSection(NestedProjects) = preSolution
		{76F9F823-EA81-4DA5-8B55-036A6E4FF3B8} = {76343A98-3A04-408D-A396-7F6D95F6D57E}
		{7D5BDF87-1CFE-485B-868C-7143C3BCCCA8} = {BB13B11E-EC3B-455C-ADF8-E907904DF400}
		{05DDEABF-E164-4107-819A-3B81676F2DCF} = {C38A3339-0BCE-45C1-AD29-D3E5A97A9CB3}
		{7EB74505-68E7-473B-9760-13DE14F18603} = {5048CB67-E6CE-4C11-B815-67C638B6F49B}
	EndGlobalSection
	GlobalSection(ExtensibilityGlobals) = postSolution
		SolutionGuid = {4CB551B0-D31F-4F2D-866E-F9341D32D7FF}
	EndGlobalSection
EndGlobal
