
Microsoft Visual Studio Solution File, Format Version 12.00
# Visual Studio Version 17
VisualStudioVersion = 17.1.32210.238
MinimumVisualStudioVersion = 10.0.40219.1
Project("{FAE04EC0-301F-11D3-BF4B-00C04F79EFBC}") = "CourseStore.DAL", "CourseStore.DAL\CourseStore.DAL.csproj", "{5A653DF5-42CA-463D-A7F7-CD404C7F56F9}"
EndProject
Project("{FAE04EC0-301F-11D3-BF4B-00C04F79EFBC}") = "CourseStore.WebUI", "CourseStore.WebUI\CourseStore.WebUI.csproj", "{4B82DBAA-C714-4415-A403-5DD391F16D1D}"
EndProject
Project("{FAE04EC0-301F-11D3-BF4B-00C04F79EFBC}") = "CourseStore.BusinessLogic", "CourseStore.BusinessLogic\CourseStore.BusinessLogic.csproj", "{0520E2B6-262D-47B8-A7B3-B25535CE080B}"
EndProject
Global
	GlobalSection(SolutionConfigurationPlatforms) = preSolution
		Debug|Any CPU = Debug|Any CPU
		Release|Any CPU = Release|Any CPU
	EndGlobalSection
	GlobalSection(ProjectConfigurationPlatforms) = postSolution
		{5A653DF5-42CA-463D-A7F7-CD404C7F56F9}.Debug|Any CPU.ActiveCfg = Debug|Any CPU
		{5A653DF5-42CA-463D-A7F7-CD404C7F56F9}.Debug|Any CPU.Build.0 = Debug|Any CPU
		{5A653DF5-42CA-463D-A7F7-CD404C7F56F9}.Release|Any CPU.ActiveCfg = Release|Any CPU
		{5A653DF5-42CA-463D-A7F7-CD404C7F56F9}.Release|Any CPU.Build.0 = Release|Any CPU
		{4B82DBAA-C714-4415-A403-5DD391F16D1D}.Debug|Any CPU.ActiveCfg = Debug|Any CPU
		{4B82DBAA-C714-4415-A403-5DD391F16D1D}.Debug|Any CPU.Build.0 = Debug|Any CPU
		{4B82DBAA-C714-4415-A403-5DD391F16D1D}.Release|Any CPU.ActiveCfg = Release|Any CPU
		{4B82DBAA-C714-4415-A403-5DD391F16D1D}.Release|Any CPU.Build.0 = Release|Any CPU
		{0520E2B6-262D-47B8-A7B3-B25535CE080B}.Debug|Any CPU.ActiveCfg = Debug|Any CPU
		{0520E2B6-262D-47B8-A7B3-B25535CE080B}.Debug|Any CPU.Build.0 = Debug|Any CPU
		{0520E2B6-262D-47B8-A7B3-B25535CE080B}.Release|Any CPU.ActiveCfg = Release|Any CPU
		{0520E2B6-262D-47B8-A7B3-B25535CE080B}.Release|Any CPU.Build.0 = Release|Any CPU
	EndGlobalSection
	GlobalSection(SolutionProperties) = preSolution
		HideSolutionNode = FALSE
	EndGlobalSection
	GlobalSection(ExtensibilityGlobals) = postSolution
		SolutionGuid = {A9BE95BB-0AD4-49F8-90E7-62E48D6F5E10}
	EndGlobalSection
EndGlobal
