
Microsoft Visual Studio Solution File, Format Version 12.00
# Visual Studio Version 17
VisualStudioVersion = 17.0.32014.148
MinimumVisualStudioVersion = 10.0.40219.1
Project("{9A19103F-16F7-4668-BE54-9A1E7A4F7556}") = "ConcurrencyAndAsynchron.ThreadSample", "ConcurrencyAndAsynchron.ThreadSample\ConcurrencyAndAsynchron.ThreadSample.csproj", "{7727E32D-B63C-49E9-93C1-E11889800ED7}"
EndProject
Project("{9A19103F-16F7-4668-BE54-9A1E7A4F7556}") = "ConcurrencyAndAsynchron.TasksSamples", "ConcurrencyAndAsynchron.TasksSamples\ConcurrencyAndAsynchron.TasksSamples.csproj", "{DF5D67DF-C41E-449A-95AD-FEAD3B2B6C67}"
EndProject
Project("{FAE04EC0-301F-11D3-BF4B-00C04F79EFBC}") = "ConcurrencyAndAsynchron.AsyncSamples", "ConcurrencyAndAsynchron.AsyncSamples\ConcurrencyAndAsynchron.AsyncSamples.csproj", "{40DE8761-4690-4B45-B8DA-757739DFB162}"
EndProject
Global
	GlobalSection(SolutionConfigurationPlatforms) = preSolution
		Debug|Any CPU = Debug|Any CPU
		Release|Any CPU = Release|Any CPU
	EndGlobalSection
	GlobalSection(ProjectConfigurationPlatforms) = postSolution
		{7727E32D-B63C-49E9-93C1-E11889800ED7}.Debug|Any CPU.ActiveCfg = Debug|Any CPU
		{7727E32D-B63C-49E9-93C1-E11889800ED7}.Debug|Any CPU.Build.0 = Debug|Any CPU
		{7727E32D-B63C-49E9-93C1-E11889800ED7}.Release|Any CPU.ActiveCfg = Release|Any CPU
		{7727E32D-B63C-49E9-93C1-E11889800ED7}.Release|Any CPU.Build.0 = Release|Any CPU
		{DF5D67DF-C41E-449A-95AD-FEAD3B2B6C67}.Debug|Any CPU.ActiveCfg = Debug|Any CPU
		{DF5D67DF-C41E-449A-95AD-FEAD3B2B6C67}.Debug|Any CPU.Build.0 = Debug|Any CPU
		{DF5D67DF-C41E-449A-95AD-FEAD3B2B6C67}.Release|Any CPU.ActiveCfg = Release|Any CPU
		{DF5D67DF-C41E-449A-95AD-FEAD3B2B6C67}.Release|Any CPU.Build.0 = Release|Any CPU
		{40DE8761-4690-4B45-B8DA-757739DFB162}.Debug|Any CPU.ActiveCfg = Debug|Any CPU
		{40DE8761-4690-4B45-B8DA-757739DFB162}.Debug|Any CPU.Build.0 = Debug|Any CPU
		{40DE8761-4690-4B45-B8DA-757739DFB162}.Release|Any CPU.ActiveCfg = Release|Any CPU
		{40DE8761-4690-4B45-B8DA-757739DFB162}.Release|Any CPU.Build.0 = Release|Any CPU
	EndGlobalSection
	GlobalSection(SolutionProperties) = preSolution
		HideSolutionNode = FALSE
	EndGlobalSection
	GlobalSection(ExtensibilityGlobals) = postSolution
		SolutionGuid = {2A0905B7-B1D6-485C-A937-62CA12247A33}
	EndGlobalSection
EndGlobal
