
Microsoft Visual Studio Solution File, Format Version 12.00
# Visual Studio Version 17
VisualStudioVersion = 17.0.31903.59
MinimumVisualStudioVersion = 10.0.40219.1
Project("{FAE04EC0-301F-11D3-BF4B-00C04F79EFBC}") = "02.Begining.TopLevelStatement", "02.Begining.TopLevelStatement\02.Begining.TopLevelStatement.csproj", "{9D4CC6FA-F2A7-4FD9-B32E-B061213D200F}"
EndProject
Project("{FAE04EC0-301F-11D3-BF4B-00C04F79EFBC}") = "02.Begining.Variables", "02.Begining.Variables\02.Begining.Variables.csproj", "{9A0E03E7-1B18-4A06-8494-84AEB1851E4A}"
EndProject
Project("{FAE04EC0-301F-11D3-BF4B-00C04F79EFBC}") = "02.Begining.Constants", "02.Begining.Constants\02.Begining.Constants.csproj", "{9D0D4394-02B6-43DA-8B2E-B78B44D63FED}"
EndProject
Project("{FAE04EC0-301F-11D3-BF4B-00C04F79EFBC}") = "02.Begining.NullableSample", "02.Begining.NullableSample\02.Begining.NullableSample.csproj", "{D4F956DB-6560-4EB5-8CDD-398AE7F4CC32}"
EndProject
Project("{FAE04EC0-301F-11D3-BF4B-00C04F79EFBC}") = "02.Begining.IntNumbers", "02.Begining.IntNumbers\02.Begining.IntNumbers.csproj", "{750C3EB3-42AC-4FC4-90E2-AF69BC02D8FA}"
EndProject
Project("{FAE04EC0-301F-11D3-BF4B-00C04F79EFBC}") = "02.Begining.FloatingPointNumbers", "02.Begining.FloatingPointNumbers\02.Begining.FloatingPointNumbers.csproj", "{E34CD11A-C6F8-4007-9D4C-BA47D3616913}"
EndProject
Project("{FAE04EC0-301F-11D3-BF4B-00C04F79EFBC}") = "02.Begining.Strings", "02.Begining.Strings\02.Begining.Strings.csproj", "{209F7676-4601-4117-8BBA-152A41591D56}"
EndProject
Project("{FAE04EC0-301F-11D3-BF4B-00C04F79EFBC}") = "02.Begining.ControlFlow", "02.Begining.ControlFlow\02.Begining.ControlFlow.csproj", "{C92FA60D-333D-4BC0-91D5-3927EC26B9C7}"
EndProject
Project("{FAE04EC0-301F-11D3-BF4B-00C04F79EFBC}") = "02.Begining.Loops", "02.Begining.Loops\02.Begining.Loops.csproj", "{6ABA879D-4ABC-46B9-AF62-1B4D5A65E9FE}"
EndProject
Project("{FAE04EC0-301F-11D3-BF4B-00C04F79EFBC}") = "02.Begining.NamespaceTest", "02.Begining.NamespaceTest\02.Begining.NamespaceTest.csproj", "{8A9DE8EB-6F66-4D20-BA19-9FE1A25F551A}"
EndProject
Project("{FAE04EC0-301F-11D3-BF4B-00C04F79EFBC}") = "02.Begining.TestImp", "02.Begining.TestImp\02.Begining.TestImp.csproj", "{FD6210BA-0D7B-439E-82B8-FA4E507B9E4A}"
EndProject
Project("{FAE04EC0-301F-11D3-BF4B-00C04F79EFBC}") = "02Begingin.CommentsTest", "02Begingin.CommentsTest\02Begingin.CommentsTest.csproj", "{DE9A7372-26A4-42FC-9634-CD3B4A4FFC0A}"
EndProject
Global
	GlobalSection(SolutionConfigurationPlatforms) = preSolution
		Debug|Any CPU = Debug|Any CPU
		Debug|x86 = Debug|x86
		Release|Any CPU = Release|Any CPU
		Release|x86 = Release|x86
	EndGlobalSection
	GlobalSection(ProjectConfigurationPlatforms) = postSolution
		{9D4CC6FA-F2A7-4FD9-B32E-B061213D200F}.Debug|Any CPU.ActiveCfg = Debug|Any CPU
		{9D4CC6FA-F2A7-4FD9-B32E-B061213D200F}.Debug|Any CPU.Build.0 = Debug|Any CPU
		{9D4CC6FA-F2A7-4FD9-B32E-B061213D200F}.Debug|x86.ActiveCfg = Debug|Any CPU
		{9D4CC6FA-F2A7-4FD9-B32E-B061213D200F}.Debug|x86.Build.0 = Debug|Any CPU
		{9D4CC6FA-F2A7-4FD9-B32E-B061213D200F}.Release|Any CPU.ActiveCfg = Release|Any CPU
		{9D4CC6FA-F2A7-4FD9-B32E-B061213D200F}.Release|Any CPU.Build.0 = Release|Any CPU
		{9D4CC6FA-F2A7-4FD9-B32E-B061213D200F}.Release|x86.ActiveCfg = Release|Any CPU
		{9D4CC6FA-F2A7-4FD9-B32E-B061213D200F}.Release|x86.Build.0 = Release|Any CPU
		{9A0E03E7-1B18-4A06-8494-84AEB1851E4A}.Debug|Any CPU.ActiveCfg = Debug|Any CPU
		{9A0E03E7-1B18-4A06-8494-84AEB1851E4A}.Debug|Any CPU.Build.0 = Debug|Any CPU
		{9A0E03E7-1B18-4A06-8494-84AEB1851E4A}.Debug|x86.ActiveCfg = Debug|Any CPU
		{9A0E03E7-1B18-4A06-8494-84AEB1851E4A}.Debug|x86.Build.0 = Debug|Any CPU
		{9A0E03E7-1B18-4A06-8494-84AEB1851E4A}.Release|Any CPU.ActiveCfg = Release|Any CPU
		{9A0E03E7-1B18-4A06-8494-84AEB1851E4A}.Release|Any CPU.Build.0 = Release|Any CPU
		{9A0E03E7-1B18-4A06-8494-84AEB1851E4A}.Release|x86.ActiveCfg = Release|Any CPU
		{9A0E03E7-1B18-4A06-8494-84AEB1851E4A}.Release|x86.Build.0 = Release|Any CPU
		{9D0D4394-02B6-43DA-8B2E-B78B44D63FED}.Debug|Any CPU.ActiveCfg = Debug|Any CPU
		{9D0D4394-02B6-43DA-8B2E-B78B44D63FED}.Debug|Any CPU.Build.0 = Debug|Any CPU
		{9D0D4394-02B6-43DA-8B2E-B78B44D63FED}.Debug|x86.ActiveCfg = Debug|Any CPU
		{9D0D4394-02B6-43DA-8B2E-B78B44D63FED}.Debug|x86.Build.0 = Debug|Any CPU
		{9D0D4394-02B6-43DA-8B2E-B78B44D63FED}.Release|Any CPU.ActiveCfg = Release|Any CPU
		{9D0D4394-02B6-43DA-8B2E-B78B44D63FED}.Release|Any CPU.Build.0 = Release|Any CPU
		{9D0D4394-02B6-43DA-8B2E-B78B44D63FED}.Release|x86.ActiveCfg = Release|Any CPU
		{9D0D4394-02B6-43DA-8B2E-B78B44D63FED}.Release|x86.Build.0 = Release|Any CPU
		{D4F956DB-6560-4EB5-8CDD-398AE7F4CC32}.Debug|Any CPU.ActiveCfg = Debug|Any CPU
		{D4F956DB-6560-4EB5-8CDD-398AE7F4CC32}.Debug|Any CPU.Build.0 = Debug|Any CPU
		{D4F956DB-6560-4EB5-8CDD-398AE7F4CC32}.Debug|x86.ActiveCfg = Debug|Any CPU
		{D4F956DB-6560-4EB5-8CDD-398AE7F4CC32}.Debug|x86.Build.0 = Debug|Any CPU
		{D4F956DB-6560-4EB5-8CDD-398AE7F4CC32}.Release|Any CPU.ActiveCfg = Release|Any CPU
		{D4F956DB-6560-4EB5-8CDD-398AE7F4CC32}.Release|Any CPU.Build.0 = Release|Any CPU
		{D4F956DB-6560-4EB5-8CDD-398AE7F4CC32}.Release|x86.ActiveCfg = Release|Any CPU
		{D4F956DB-6560-4EB5-8CDD-398AE7F4CC32}.Release|x86.Build.0 = Release|Any CPU
		{750C3EB3-42AC-4FC4-90E2-AF69BC02D8FA}.Debug|Any CPU.ActiveCfg = Debug|Any CPU
		{750C3EB3-42AC-4FC4-90E2-AF69BC02D8FA}.Debug|Any CPU.Build.0 = Debug|Any CPU
		{750C3EB3-42AC-4FC4-90E2-AF69BC02D8FA}.Debug|x86.ActiveCfg = Debug|x86
		{750C3EB3-42AC-4FC4-90E2-AF69BC02D8FA}.Debug|x86.Build.0 = Debug|x86
		{750C3EB3-42AC-4FC4-90E2-AF69BC02D8FA}.Release|Any CPU.ActiveCfg = Release|Any CPU
		{750C3EB3-42AC-4FC4-90E2-AF69BC02D8FA}.Release|Any CPU.Build.0 = Release|Any CPU
		{750C3EB3-42AC-4FC4-90E2-AF69BC02D8FA}.Release|x86.ActiveCfg = Release|x86
		{750C3EB3-42AC-4FC4-90E2-AF69BC02D8FA}.Release|x86.Build.0 = Release|x86
		{E34CD11A-C6F8-4007-9D4C-BA47D3616913}.Debug|Any CPU.ActiveCfg = Debug|Any CPU
		{E34CD11A-C6F8-4007-9D4C-BA47D3616913}.Debug|Any CPU.Build.0 = Debug|Any CPU
		{E34CD11A-C6F8-4007-9D4C-BA47D3616913}.Debug|x86.ActiveCfg = Debug|Any CPU
		{E34CD11A-C6F8-4007-9D4C-BA47D3616913}.Debug|x86.Build.0 = Debug|Any CPU
		{E34CD11A-C6F8-4007-9D4C-BA47D3616913}.Release|Any CPU.ActiveCfg = Release|Any CPU
		{E34CD11A-C6F8-4007-9D4C-BA47D3616913}.Release|Any CPU.Build.0 = Release|Any CPU
		{E34CD11A-C6F8-4007-9D4C-BA47D3616913}.Release|x86.ActiveCfg = Release|Any CPU
		{E34CD11A-C6F8-4007-9D4C-BA47D3616913}.Release|x86.Build.0 = Release|Any CPU
		{209F7676-4601-4117-8BBA-152A41591D56}.Debug|Any CPU.ActiveCfg = Debug|Any CPU
		{209F7676-4601-4117-8BBA-152A41591D56}.Debug|Any CPU.Build.0 = Debug|Any CPU
		{209F7676-4601-4117-8BBA-152A41591D56}.Debug|x86.ActiveCfg = Debug|Any CPU
		{209F7676-4601-4117-8BBA-152A41591D56}.Debug|x86.Build.0 = Debug|Any CPU
		{209F7676-4601-4117-8BBA-152A41591D56}.Release|Any CPU.ActiveCfg = Release|Any CPU
		{209F7676-4601-4117-8BBA-152A41591D56}.Release|Any CPU.Build.0 = Release|Any CPU
		{209F7676-4601-4117-8BBA-152A41591D56}.Release|x86.ActiveCfg = Release|Any CPU
		{209F7676-4601-4117-8BBA-152A41591D56}.Release|x86.Build.0 = Release|Any CPU
		{C92FA60D-333D-4BC0-91D5-3927EC26B9C7}.Debug|Any CPU.ActiveCfg = Debug|Any CPU
		{C92FA60D-333D-4BC0-91D5-3927EC26B9C7}.Debug|Any CPU.Build.0 = Debug|Any CPU
		{C92FA60D-333D-4BC0-91D5-3927EC26B9C7}.Debug|x86.ActiveCfg = Debug|Any CPU
		{C92FA60D-333D-4BC0-91D5-3927EC26B9C7}.Debug|x86.Build.0 = Debug|Any CPU
		{C92FA60D-333D-4BC0-91D5-3927EC26B9C7}.Release|Any CPU.ActiveCfg = Release|Any CPU
		{C92FA60D-333D-4BC0-91D5-3927EC26B9C7}.Release|Any CPU.Build.0 = Release|Any CPU
		{C92FA60D-333D-4BC0-91D5-3927EC26B9C7}.Release|x86.ActiveCfg = Release|Any CPU
		{C92FA60D-333D-4BC0-91D5-3927EC26B9C7}.Release|x86.Build.0 = Release|Any CPU
		{6ABA879D-4ABC-46B9-AF62-1B4D5A65E9FE}.Debug|Any CPU.ActiveCfg = Debug|Any CPU
		{6ABA879D-4ABC-46B9-AF62-1B4D5A65E9FE}.Debug|Any CPU.Build.0 = Debug|Any CPU
		{6ABA879D-4ABC-46B9-AF62-1B4D5A65E9FE}.Debug|x86.ActiveCfg = Debug|Any CPU
		{6ABA879D-4ABC-46B9-AF62-1B4D5A65E9FE}.Debug|x86.Build.0 = Debug|Any CPU
		{6ABA879D-4ABC-46B9-AF62-1B4D5A65E9FE}.Release|Any CPU.ActiveCfg = Release|Any CPU
		{6ABA879D-4ABC-46B9-AF62-1B4D5A65E9FE}.Release|Any CPU.Build.0 = Release|Any CPU
		{6ABA879D-4ABC-46B9-AF62-1B4D5A65E9FE}.Release|x86.ActiveCfg = Release|Any CPU
		{6ABA879D-4ABC-46B9-AF62-1B4D5A65E9FE}.Release|x86.Build.0 = Release|Any CPU
		{8A9DE8EB-6F66-4D20-BA19-9FE1A25F551A}.Debug|Any CPU.ActiveCfg = Debug|Any CPU
		{8A9DE8EB-6F66-4D20-BA19-9FE1A25F551A}.Debug|Any CPU.Build.0 = Debug|Any CPU
		{8A9DE8EB-6F66-4D20-BA19-9FE1A25F551A}.Debug|x86.ActiveCfg = Debug|Any CPU
		{8A9DE8EB-6F66-4D20-BA19-9FE1A25F551A}.Debug|x86.Build.0 = Debug|Any CPU
		{8A9DE8EB-6F66-4D20-BA19-9FE1A25F551A}.Release|Any CPU.ActiveCfg = Release|Any CPU
		{8A9DE8EB-6F66-4D20-BA19-9FE1A25F551A}.Release|Any CPU.Build.0 = Release|Any CPU
		{8A9DE8EB-6F66-4D20-BA19-9FE1A25F551A}.Release|x86.ActiveCfg = Release|Any CPU
		{8A9DE8EB-6F66-4D20-BA19-9FE1A25F551A}.Release|x86.Build.0 = Release|Any CPU
		{FD6210BA-0D7B-439E-82B8-FA4E507B9E4A}.Debug|Any CPU.ActiveCfg = Debug|Any CPU
		{FD6210BA-0D7B-439E-82B8-FA4E507B9E4A}.Debug|Any CPU.Build.0 = Debug|Any CPU
		{FD6210BA-0D7B-439E-82B8-FA4E507B9E4A}.Debug|x86.ActiveCfg = Debug|Any CPU
		{FD6210BA-0D7B-439E-82B8-FA4E507B9E4A}.Debug|x86.Build.0 = Debug|Any CPU
		{FD6210BA-0D7B-439E-82B8-FA4E507B9E4A}.Release|Any CPU.ActiveCfg = Release|Any CPU
		{FD6210BA-0D7B-439E-82B8-FA4E507B9E4A}.Release|Any CPU.Build.0 = Release|Any CPU
		{FD6210BA-0D7B-439E-82B8-FA4E507B9E4A}.Release|x86.ActiveCfg = Release|Any CPU
		{FD6210BA-0D7B-439E-82B8-FA4E507B9E4A}.Release|x86.Build.0 = Release|Any CPU
		{DE9A7372-26A4-42FC-9634-CD3B4A4FFC0A}.Debug|Any CPU.ActiveCfg = Debug|Any CPU
		{DE9A7372-26A4-42FC-9634-CD3B4A4FFC0A}.Debug|Any CPU.Build.0 = Debug|Any CPU
		{DE9A7372-26A4-42FC-9634-CD3B4A4FFC0A}.Debug|x86.ActiveCfg = Debug|Any CPU
		{DE9A7372-26A4-42FC-9634-CD3B4A4FFC0A}.Debug|x86.Build.0 = Debug|Any CPU
		{DE9A7372-26A4-42FC-9634-CD3B4A4FFC0A}.Release|Any CPU.ActiveCfg = Release|Any CPU
		{DE9A7372-26A4-42FC-9634-CD3B4A4FFC0A}.Release|Any CPU.Build.0 = Release|Any CPU
		{DE9A7372-26A4-42FC-9634-CD3B4A4FFC0A}.Release|x86.ActiveCfg = Release|Any CPU
		{DE9A7372-26A4-42FC-9634-CD3B4A4FFC0A}.Release|x86.Build.0 = Release|Any CPU
	EndGlobalSection
	GlobalSection(SolutionProperties) = preSolution
		HideSolutionNode = FALSE
	EndGlobalSection
	GlobalSection(ExtensibilityGlobals) = postSolution
		SolutionGuid = {00EC3EE7-18DE-42F8-8517-5277B1D3743B}
	EndGlobalSection
EndGlobal
