
Microsoft Visual Studio Solution File, Format Version 12.00
# Visual Studio Version 17
VisualStudioVersion = 17.1.32210.238
MinimumVisualStudioVersion = 10.0.40219.1
Project("{FAE04EC0-301F-11D3-BF4B-00C04F79EFBC}") = "StateManagement.Cookies", "StateManagement.Cookies\StateManagement.Cookies.csproj", "{84F6BF9A-8B0D-402A-9D6F-7B45217A87CF}"
EndProject
Project("{FAE04EC0-301F-11D3-BF4B-00C04F79EFBC}") = "StateManagement.InMemoryCacheSample", "StateManagement.InMemoryCacheSample\StateManagement.InMemoryCacheSample.csproj", "{7979F2A5-9C27-411E-9C5D-842244D3510B}"
EndProject
Project("{FAE04EC0-301F-11D3-BF4B-00C04F79EFBC}") = "StateManagement.DistributedCacheSamples", "StateManagement.DistributedCacheSamples\StateManagement.DistributedCacheSamples.csproj", "{56554714-6840-48B5-AA75-249ADF20A66B}"
EndProject
Project("{FAE04EC0-301F-11D3-BF4B-00C04F79EFBC}") = "StateManagement.Session", "StateManagement.Session\StateManagement.Session.csproj", "{3A35A53B-2AB5-43AF-9FE0-BA4862A2E6E2}"
EndProject
Global
	GlobalSection(SolutionConfigurationPlatforms) = preSolution
		Debug|Any CPU = Debug|Any CPU
		Release|Any CPU = Release|Any CPU
	EndGlobalSection
	GlobalSection(ProjectConfigurationPlatforms) = postSolution
		{84F6BF9A-8B0D-402A-9D6F-7B45217A87CF}.Debug|Any CPU.ActiveCfg = Debug|Any CPU
		{84F6BF9A-8B0D-402A-9D6F-7B45217A87CF}.Debug|Any CPU.Build.0 = Debug|Any CPU
		{84F6BF9A-8B0D-402A-9D6F-7B45217A87CF}.Release|Any CPU.ActiveCfg = Release|Any CPU
		{84F6BF9A-8B0D-402A-9D6F-7B45217A87CF}.Release|Any CPU.Build.0 = Release|Any CPU
		{7979F2A5-9C27-411E-9C5D-842244D3510B}.Debug|Any CPU.ActiveCfg = Debug|Any CPU
		{7979F2A5-9C27-411E-9C5D-842244D3510B}.Debug|Any CPU.Build.0 = Debug|Any CPU
		{7979F2A5-9C27-411E-9C5D-842244D3510B}.Release|Any CPU.ActiveCfg = Release|Any CPU
		{7979F2A5-9C27-411E-9C5D-842244D3510B}.Release|Any CPU.Build.0 = Release|Any CPU
		{56554714-6840-48B5-AA75-249ADF20A66B}.Debug|Any CPU.ActiveCfg = Debug|Any CPU
		{56554714-6840-48B5-AA75-249ADF20A66B}.Debug|Any CPU.Build.0 = Debug|Any CPU
		{56554714-6840-48B5-AA75-249ADF20A66B}.Release|Any CPU.ActiveCfg = Release|Any CPU
		{56554714-6840-48B5-AA75-249ADF20A66B}.Release|Any CPU.Build.0 = Release|Any CPU
		{3A35A53B-2AB5-43AF-9FE0-BA4862A2E6E2}.Debug|Any CPU.ActiveCfg = Debug|Any CPU
		{3A35A53B-2AB5-43AF-9FE0-BA4862A2E6E2}.Debug|Any CPU.Build.0 = Debug|Any CPU
		{3A35A53B-2AB5-43AF-9FE0-BA4862A2E6E2}.Release|Any CPU.ActiveCfg = Release|Any CPU
		{3A35A53B-2AB5-43AF-9FE0-BA4862A2E6E2}.Release|Any CPU.Build.0 = Release|Any CPU
	EndGlobalSection
	GlobalSection(SolutionProperties) = preSolution
		HideSolutionNode = FALSE
	EndGlobalSection
	GlobalSection(ExtensibilityGlobals) = postSolution
		SolutionGuid = {87AD6E98-F980-4342-821C-33B87A722866}
	EndGlobalSection
EndGlobal
