
Microsoft Visual Studio Solution File, Format Version 12.00
# Visual Studio Version 17
VisualStudioVersion = 17.0.31903.59
MinimumVisualStudioVersion = 10.0.40219.1
Project("{FAE04EC0-301F-11D3-BF4B-00C04F79EFBC}") = "DelegateSamples", "DelegateSamples\DelegateSamples.csproj", "{43408AED-15C7-4873-9F2E-A01E62AFD404}"
EndProject
Global
	GlobalSection(SolutionConfigurationPlatforms) = preSolution
		Debug|Any CPU = Debug|Any CPU
		Release|Any CPU = Release|Any CPU
	EndGlobalSection
	GlobalSection(ProjectConfigurationPlatforms) = postSolution
		{43408AED-15C7-4873-9F2E-A01E62AFD404}.Debug|Any CPU.ActiveCfg = Debug|Any CPU
		{43408AED-15C7-4873-9F2E-A01E62AFD404}.Debug|Any CPU.Build.0 = Debug|Any CPU
		{43408AED-15C7-4873-9F2E-A01E62AFD404}.Release|Any CPU.ActiveCfg = Release|Any CPU
		{43408AED-15C7-4873-9F2E-A01E62AFD404}.Release|Any CPU.Build.0 = Release|Any CPU
	EndGlobalSection
	GlobalSection(SolutionProperties) = preSolution
		HideSolutionNode = FALSE
	EndGlobalSection
	GlobalSection(ExtensibilityGlobals) = postSolution
		SolutionGuid = {431B2BC3-50DD-4C72-A02A-C7396BE57CE2}
	EndGlobalSection
EndGlobal
