
Microsoft Visual Studio Solution File, Format Version 12.00
# Visual Studio Version 17
VisualStudioVersion = 17.0.32014.148
MinimumVisualStudioVersion = 10.0.40219.1
Project("{FAE04EC0-301F-11D3-BF4B-00C04F79EFBC}") = "SimpleEfConficurationSamples", "SimpleEfConficurationSamples\SimpleEfConficurationSamples.csproj", "{B7893203-D855-489C-94E1-385A2BC24553}"
EndProject
Global
	GlobalSection(SolutionConfigurationPlatforms) = preSolution
		Debug|Any CPU = Debug|Any CPU
		Release|Any CPU = Release|Any CPU
	EndGlobalSection
	GlobalSection(ProjectConfigurationPlatforms) = postSolution
		{B7893203-D855-489C-94E1-385A2BC24553}.Debug|Any CPU.ActiveCfg = Debug|Any CPU
		{B7893203-D855-489C-94E1-385A2BC24553}.Debug|Any CPU.Build.0 = Debug|Any CPU
		{B7893203-D855-489C-94E1-385A2BC24553}.Release|Any CPU.ActiveCfg = Release|Any CPU
		{B7893203-D855-489C-94E1-385A2BC24553}.Release|Any CPU.Build.0 = Release|Any CPU
	EndGlobalSection
	GlobalSection(SolutionProperties) = preSolution
		HideSolutionNode = FALSE
	EndGlobalSection
	GlobalSection(ExtensibilityGlobals) = postSolution
		SolutionGuid = {244E379D-47A1-4EAB-BB33-5556B5405C87}
	EndGlobalSection
EndGlobal
