
Microsoft Visual Studio Solution File, Format Version 12.00
# Visual Studio Version 17
VisualStudioVersion = 17.0.32014.148
MinimumVisualStudioVersion = 10.0.40219.1
Project("{FAE04EC0-301F-11D3-BF4B-00C04F79EFBC}") = "ExceptionHandling", "ExceptionHandling\ExceptionHandling.csproj", "{031D21E1-E60F-4B9E-8D20-08DD944EE536}"
EndProject
Global
	GlobalSection(SolutionConfigurationPlatforms) = preSolution
		Debug|Any CPU = Debug|Any CPU
		Release|Any CPU = Release|Any CPU
	EndGlobalSection
	GlobalSection(ProjectConfigurationPlatforms) = postSolution
		{031D21E1-E60F-4B9E-8D20-08DD944EE536}.Debug|Any CPU.ActiveCfg = Debug|Any CPU
		{031D21E1-E60F-4B9E-8D20-08DD944EE536}.Debug|Any CPU.Build.0 = Debug|Any CPU
		{031D21E1-E60F-4B9E-8D20-08DD944EE536}.Release|Any CPU.ActiveCfg = Release|Any CPU
		{031D21E1-E60F-4B9E-8D20-08DD944EE536}.Release|Any CPU.Build.0 = Release|Any CPU
	EndGlobalSection
	GlobalSection(SolutionProperties) = preSolution
		HideSolutionNode = FALSE
	EndGlobalSection
	GlobalSection(ExtensibilityGlobals) = postSolution
		SolutionGuid = {F13421EC-F3E1-4D3E-9E92-BA49AB7ED4A9}
	EndGlobalSection
EndGlobal
