
Microsoft Visual Studio Solution File, Format Version 12.00
# Visual Studio Version 17
VisualStudioVersion = 17.3.32811.315
MinimumVisualStudioVersion = 10.0.40219.1
Project("{FAE04EC0-301F-11D3-BF4B-00C04F79EFBC}") = "GrpcClientSamples.Console", "GrpcClientSamples.Console\GrpcClientSamples.Console.csproj", "{6DFE73B5-E260-4FE2-93FB-8A938B3F9DD6}"
EndProject
Global
	GlobalSection(SolutionConfigurationPlatforms) = preSolution
		Debug|Any CPU = Debug|Any CPU
		Release|Any CPU = Release|Any CPU
	EndGlobalSection
	GlobalSection(ProjectConfigurationPlatforms) = postSolution
		{6DFE73B5-E260-4FE2-93FB-8A938B3F9DD6}.Debug|Any CPU.ActiveCfg = Debug|Any CPU
		{6DFE73B5-E260-4FE2-93FB-8A938B3F9DD6}.Debug|Any CPU.Build.0 = Debug|Any CPU
		{6DFE73B5-E260-4FE2-93FB-8A938B3F9DD6}.Release|Any CPU.ActiveCfg = Release|Any CPU
		{6DFE73B5-E260-4FE2-93FB-8A938B3F9DD6}.Release|Any CPU.Build.0 = Release|Any CPU
	EndGlobalSection
	GlobalSection(SolutionProperties) = preSolution
		HideSolutionNode = FALSE
	EndGlobalSection
	GlobalSection(ExtensibilityGlobals) = postSolution
		SolutionGuid = {92170DA9-DA7B-4761-8952-2AF015B84EBB}
	EndGlobalSection
EndGlobal
