
Microsoft Visual Studio Solution File, Format Version 12.00
# Visual Studio Version 17
VisualStudioVersion = 17.4.33205.214
MinimumVisualStudioVersion = 10.0.40219.1
Project("{9A19103F-16F7-4668-BE54-9A1E7A4F7556}") = "BlazorSample.FoodRecipes.UI", "BlazorSample.FoodRecipes.UI\BlazorSample.FoodRecipes.UI.csproj", "{DEEDF4A0-44F3-473F-B075-A4DA08CE2F9C}"
EndProject
Project("{9A19103F-16F7-4668-BE54-9A1E7A4F7556}") = "BlazorSample.FoodRecipes.API", "BlazorSample.FoodRecipes.API\BlazorSample.FoodRecipes.API.csproj", "{1C12DCFF-03CF-484B-A746-D14F8A3F146D}"
EndProject
Project("{9A19103F-16F7-4668-BE54-9A1E7A4F7556}") = "BlazorSample.FoodRecipes.Shared", "BlazorSample.FoodRecipes.Shared\BlazorSample.FoodRecipes.Shared.csproj", "{841C3CF1-7157-4701-8888-C5E7757F1A11}"
EndProject
Project("{9A19103F-16F7-4668-BE54-9A1E7A4F7556}") = "BlazorSample.FoodRecipes.DAL", "BlazorSample.FoodRecipes.DAL\BlazorSample.FoodRecipes.DAL.csproj", "{3483238E-AC74-4D6B-AA50-AC362792B6C9}"
EndProject
Global
	GlobalSection(SolutionConfigurationPlatforms) = preSolution
		Debug|Any CPU = Debug|Any CPU
		Release|Any CPU = Release|Any CPU
	EndGlobalSection
	GlobalSection(ProjectConfigurationPlatforms) = postSolution
		{DEEDF4A0-44F3-473F-B075-A4DA08CE2F9C}.Debug|Any CPU.ActiveCfg = Debug|Any CPU
		{DEEDF4A0-44F3-473F-B075-A4DA08CE2F9C}.Debug|Any CPU.Build.0 = Debug|Any CPU
		{DEEDF4A0-44F3-473F-B075-A4DA08CE2F9C}.Release|Any CPU.ActiveCfg = Release|Any CPU
		{DEEDF4A0-44F3-473F-B075-A4DA08CE2F9C}.Release|Any CPU.Build.0 = Release|Any CPU
		{1C12DCFF-03CF-484B-A746-D14F8A3F146D}.Debug|Any CPU.ActiveCfg = Debug|Any CPU
		{1C12DCFF-03CF-484B-A746-D14F8A3F146D}.Debug|Any CPU.Build.0 = Debug|Any CPU
		{1C12DCFF-03CF-484B-A746-D14F8A3F146D}.Release|Any CPU.ActiveCfg = Release|Any CPU
		{1C12DCFF-03CF-484B-A746-D14F8A3F146D}.Release|Any CPU.Build.0 = Release|Any CPU
		{841C3CF1-7157-4701-8888-C5E7757F1A11}.Debug|Any CPU.ActiveCfg = Debug|Any CPU
		{841C3CF1-7157-4701-8888-C5E7757F1A11}.Debug|Any CPU.Build.0 = Debug|Any CPU
		{841C3CF1-7157-4701-8888-C5E7757F1A11}.Release|Any CPU.ActiveCfg = Release|Any CPU
		{841C3CF1-7157-4701-8888-C5E7757F1A11}.Release|Any CPU.Build.0 = Release|Any CPU
		{3483238E-AC74-4D6B-AA50-AC362792B6C9}.Debug|Any CPU.ActiveCfg = Debug|Any CPU
		{3483238E-AC74-4D6B-AA50-AC362792B6C9}.Debug|Any CPU.Build.0 = Debug|Any CPU
		{3483238E-AC74-4D6B-AA50-AC362792B6C9}.Release|Any CPU.ActiveCfg = Release|Any CPU
		{3483238E-AC74-4D6B-AA50-AC362792B6C9}.Release|Any CPU.Build.0 = Release|Any CPU
	EndGlobalSection
	GlobalSection(SolutionProperties) = preSolution
		HideSolutionNode = FALSE
	EndGlobalSection
	GlobalSection(ExtensibilityGlobals) = postSolution
		SolutionGuid = {CCF09CA7-804C-476D-BC4A-C415AC3A2833}
	EndGlobalSection
EndGlobal
